
Microsoft Visual Studio Solution File, Format Version 12.00
# Visual Studio Version 16
VisualStudioVersion = 16.0.32630.194
MinimumVisualStudioVersion = 10.0.40219.1
Project("{FAE04EC0-301F-11D3-BF4B-00C04F79EFBC}") = "conv", "conv\conv.csproj", "{D718BD18-7723-423C-80B0-242C227922C7}"
EndProject
Global
	GlobalSection(SolutionConfigurationPlatforms) = preSolution
		Debug|Any CPU = Debug|Any CPU
		Release|Any CPU = Release|Any CPU
	EndGlobalSection
	GlobalSection(ProjectConfigurationPlatforms) = postSolution
		{D718BD18-7723-423C-80B0-242C227922C7}.Debug|Any CPU.ActiveCfg = Debug|Any CPU
		{D718BD18-7723-423C-80B0-242C227922C7}.Debug|Any CPU.Build.0 = Debug|Any CPU
		{D718BD18-7723-423C-80B0-242C227922C7}.Release|Any CPU.ActiveCfg = Release|Any CPU
		{D718BD18-7723-423C-80B0-242C227922C7}.Release|Any CPU.Build.0 = Release|Any CPU
	EndGlobalSection
	GlobalSection(SolutionProperties) = preSolution
		HideSolutionNode = FALSE
	EndGlobalSection
	GlobalSection(ExtensibilityGlobals) = postSolution
		SolutionGuid = {1B6F337C-EC3F-4FC2-A5DE-2E3DB45D131C}
	EndGlobalSection
EndGlobal
